
Microsoft Visual Studio Solution File, Format Version 12.00
# Visual Studio Version 16
VisualStudioVersion = 16.0.31613.86
MinimumVisualStudioVersion = 10.0.40219.1
Project("{FAE04EC0-301F-11D3-BF4B-00C04F79EFBC}") = "Project3_McLaughlin_Lapuste", "Project3_McLaughlin_Lapuste.csproj", "{D8E87388-9DCC-46D5-AA7F-3AE70C08F646}"
EndProject
Global
	GlobalSection(SolutionConfigurationPlatforms) = preSolution
		Debug|Any CPU = Debug|Any CPU
		Release|Any CPU = Release|Any CPU
	EndGlobalSection
	GlobalSection(ProjectConfigurationPlatforms) = postSolution
		{D8E87388-9DCC-46D5-AA7F-3AE70C08F646}.Debug|Any CPU.ActiveCfg = Debug|Any CPU
		{D8E87388-9DCC-46D5-AA7F-3AE70C08F646}.Debug|Any CPU.Build.0 = Debug|Any CPU
		{D8E87388-9DCC-46D5-AA7F-3AE70C08F646}.Release|Any CPU.ActiveCfg = Release|Any CPU
		{D8E87388-9DCC-46D5-AA7F-3AE70C08F646}.Release|Any CPU.Build.0 = Release|Any CPU
	EndGlobalSection
	GlobalSection(SolutionProperties) = preSolution
		HideSolutionNode = FALSE
	EndGlobalSection
	GlobalSection(ExtensibilityGlobals) = postSolution
		SolutionGuid = {9D17704F-2AE2-4228-B308-43D68DCCFCEE}
	EndGlobalSection
EndGlobal
